{
  "name": "esunr-index",
  "version": "0.1.0",
  "lockfileVersion": 1,
  "requires": true,
  "dependencies": {
    "animate.css": {
      "version": "3.7.0",
      "resolved": "http://r.cnpmjs.org/animate.css/download/animate.css-3.7.0.tgz",
      "integrity": "sha1-XeJdHuX7oRumoeLE+laPUS631No="
    }
  }
}
